<?xml version="1.0" encoding="utf-8"?>
<Project ToolsVersion="4.0" xmlns="http://schemas.microsoft.com/developer/msbuild/2003">
  <ItemGroup>
    <ClCompile Include="src\file_handler.cpp" />
    <ClCompile Include="src\main.cpp" />
    <ClCompile Include="src\Data_container.cpp" />
    <ClCompile Include="src\TCP_client.cpp" />
  </ItemGroup>
  <ItemGroup>
    <ClInclude Include="include\Data_container.h" />
    <ClInclude Include="include\file_handler.h" />
    <ClInclude Include="include\TCP_client.h" />
  </ItemGroup>
</Project>